
Microsoft Visual Studio Solution File, Format Version 12.00
# Visual Studio Version 16
VisualStudioVersion = 25.0.1706.7
MinimumVisualStudioVersion = 10.0.40219.1
Project("{FAE04EC0-301F-11D3-BF4B-00C04F79EFBC}") = "Phishing_Platform_Midterm", "Phishing_Platform_Midterm.csproj", "{68BEA1BB-37C3-4365-A36B-85C892CB93BC}"
EndProject
Global
	GlobalSection(SolutionConfigurationPlatforms) = preSolution
		Debug|Any CPU = Debug|Any CPU
		Release|Any CPU = Release|Any CPU
	EndGlobalSection
	GlobalSection(ProjectConfigurationPlatforms) = postSolution
		{68BEA1BB-37C3-4365-A36B-85C892CB93BC}.Debug|Any CPU.ActiveCfg = Debug|Any CPU
		{68BEA1BB-37C3-4365-A36B-85C892CB93BC}.Debug|Any CPU.Build.0 = Debug|Any CPU
		{68BEA1BB-37C3-4365-A36B-85C892CB93BC}.Release|Any CPU.ActiveCfg = Release|Any CPU
		{68BEA1BB-37C3-4365-A36B-85C892CB93BC}.Release|Any CPU.Build.0 = Release|Any CPU
	EndGlobalSection
	GlobalSection(SolutionProperties) = preSolution
		HideSolutionNode = FALSE
	EndGlobalSection
	GlobalSection(ExtensibilityGlobals) = postSolution
		SolutionGuid = {7AD66A21-2715-4830-8683-9CB88A8F9954}
	EndGlobalSection
EndGlobal
